
Microsoft Visual Studio Solution File, Format Version 12.00
# Visual Studio Version 17
VisualStudioVersion = 17.9.34622.214
MinimumVisualStudioVersion = 10.0.40219.1
Project("{FAE04EC0-301F-11D3-BF4B-00C04F79EFBC}") = "Desafio ROBO", "Desafio ROBO.csproj", "{677F3484-A9DA-4745-B3C3-E443C276AEF2}"
EndProject
Global
	GlobalSection(SolutionConfigurationPlatforms) = preSolution
		Debug|Any CPU = Debug|Any CPU
		Release|Any CPU = Release|Any CPU
	EndGlobalSection
	GlobalSection(ProjectConfigurationPlatforms) = postSolution
		{677F3484-A9DA-4745-B3C3-E443C276AEF2}.Debug|Any CPU.ActiveCfg = Debug|Any CPU
		{677F3484-A9DA-4745-B3C3-E443C276AEF2}.Debug|Any CPU.Build.0 = Debug|Any CPU
		{677F3484-A9DA-4745-B3C3-E443C276AEF2}.Release|Any CPU.ActiveCfg = Release|Any CPU
		{677F3484-A9DA-4745-B3C3-E443C276AEF2}.Release|Any CPU.Build.0 = Release|Any CPU
	EndGlobalSection
	GlobalSection(SolutionProperties) = preSolution
		HideSolutionNode = FALSE
	EndGlobalSection
	GlobalSection(ExtensibilityGlobals) = postSolution
		SolutionGuid = {4F29F88E-ACEB-45D9-88D1-1B5C8637169A}
	EndGlobalSection
EndGlobal
